// !$*UTF8*$!
{
	archiveVersion = 1;
	classes = {
	};
	objectVersion = 48;
	objects = {

/* Begin PBXBuildFile section */
		94311D1A1EFBE9FD00420071 /* ASTActionButtonView.swift in Sources */ = {isa = PBXBuildFile; fileRef = 94311D191EFBE9FD00420071 /* ASTActionButtonView.swift */; };
		94311D1E1EFBEF2000420071 /* ASTActionButtonView.xib in Resources */ = {isa = PBXBuildFile; fileRef = 94311D1D1EFBEF2000420071 /* ASTActionButtonView.xib */; };
		BD604E5B1EEBEFFF005058C7 /* AppDelegate.swift in Sources */ = {isa = PBXBuildFile; fileRef = BD604E5A1EEBEFFF005058C7 /* AppDelegate.swift */; };
		BD604E5D1EEBEFFF005058C7 /* art.scnassets in Resources */ = {isa = PBXBuildFile; fileRef = BD604E5C1EEBEFFF005058C7 /* art.scnassets */; };
		BD604E5F1EEBEFFF005058C7 /* ASTModelController.swift in Sources */ = {isa = PBXBuildFile; fileRef = BD604E5E1EEBEFFF005058C7 /* ASTModelController.swift */; };
		BD604E621EEBEFFF005058C7 /* ASTMain.storyboard in Resources */ = {isa = PBXBuildFile; fileRef = BD604E601EEBEFFF005058C7 /* ASTMain.storyboard */; };
		BD604E641EEBEFFF005058C7 /* Assets.xcassets in Resources */ = {isa = PBXBuildFile; fileRef = BD604E631EEBEFFF005058C7 /* Assets.xcassets */; };
		BD604E671EEBEFFF005058C7 /* LaunchScreen.storyboard in Resources */ = {isa = PBXBuildFile; fileRef = BD604E651EEBEFFF005058C7 /* LaunchScreen.storyboard */; };
		BD604E721EEBEFFF005058C7 /* AstroomTests.swift in Sources */ = {isa = PBXBuildFile; fileRef = BD604E711EEBEFFF005058C7 /* AstroomTests.swift */; };
		BD604E7D1EEBEFFF005058C7 /* AstroomUITests.swift in Sources */ = {isa = PBXBuildFile; fileRef = BD604E7C1EEBEFFF005058C7 /* AstroomUITests.swift */; };
		BD6584831F09414700C2A567 /* ASTInfoController.swift in Sources */ = {isa = PBXBuildFile; fileRef = BD6584821F09414700C2A567 /* ASTInfoController.swift */; };
		BD7199E11EF71C170056A0D0 /* ASTUIViewExtension.swift in Sources */ = {isa = PBXBuildFile; fileRef = BD7199E01EF71C170056A0D0 /* ASTUIViewExtension.swift */; };
		BD82B7381EF87CBC003260CF /* ASTInformationViewCell.swift in Sources */ = {isa = PBXBuildFile; fileRef = BD82B7371EF87CBC003260CF /* ASTInformationViewCell.swift */; };
		BD82B73A1EF87CC5003260CF /* ASTInformationViewCell.xib in Resources */ = {isa = PBXBuildFile; fileRef = BD82B7391EF87CC5003260CF /* ASTInformationViewCell.xib */; };
		BD882A781EF6DC5400C1C8F9 /* ASTDeviceMotion.swift in Sources */ = {isa = PBXBuildFile; fileRef = BD882A771EF6DC5400C1C8F9 /* ASTDeviceMotion.swift */; };
		BD882ABB1EF705CD00C1C8F9 /* ASTHelperView.swift in Sources */ = {isa = PBXBuildFile; fileRef = BD882ABA1EF705CD00C1C8F9 /* ASTHelperView.swift */; };
		BD882ABD1EF705D700C1C8F9 /* ASTHelperView.xib in Resources */ = {isa = PBXBuildFile; fileRef = BD882ABC1EF705D700C1C8F9 /* ASTHelperView.xib */; };
		BD882ABF1EF70C2300C1C8F9 /* ASTHelperConstants.swift in Sources */ = {isa = PBXBuildFile; fileRef = BD882ABE1EF70C2300C1C8F9 /* ASTHelperConstants.swift */; };
		BD882AC21EF70C6C00C1C8F9 /* ASTHelpViewModel.swift in Sources */ = {isa = PBXBuildFile; fileRef = BD882AC11EF70C6C00C1C8F9 /* ASTHelpViewModel.swift */; };
		BDAEFD131F04421700C7EFA9 /* ASTSolarSystem.swift in Sources */ = {isa = PBXBuildFile; fileRef = BDAEFD121F04421700C7EFA9 /* ASTSolarSystem.swift */; };
		BDBFDD5F1EEF3E01004F3F0A /* ASTInformationView.swift in Sources */ = {isa = PBXBuildFile; fileRef = BDBFDD5E1EEF3E01004F3F0A /* ASTInformationView.swift */; };
		BDBFDD611EEF3E10004F3F0A /* ASTInformationView.xib in Resources */ = {isa = PBXBuildFile; fileRef = BDBFDD601EEF3E10004F3F0A /* ASTInformationView.xib */; };
		BDBFDD631EEF3FAB004F3F0A /* ASTUIConstants.swift in Sources */ = {isa = PBXBuildFile; fileRef = BDBFDD621EEF3FAB004F3F0A /* ASTUIConstants.swift */; };
		BDD3BBCE1EEF328300139070 /* ASTCGRectExtension.swift in Sources */ = {isa = PBXBuildFile; fileRef = BDD3BBCD1EEF328300139070 /* ASTCGRectExtension.swift */; };
		BDE4C7B31EF9DAC300FE3292 /* ASTSkyPlane.swift in Sources */ = {isa = PBXBuildFile; fileRef = BDE4C7B21EF9DAC300FE3292 /* ASTSkyPlane.swift */; };
/* End PBXBuildFile section */

/* Begin PBXContainerItemProxy section */
		BD604E6E1EEBEFFF005058C7 /* PBXContainerItemProxy */ = {
			isa = PBXContainerItemProxy;
			containerPortal = BD604E4F1EEBEFFF005058C7 /* Project object */;
			proxyType = 1;
			remoteGlobalIDString = BD604E561EEBEFFF005058C7;
			remoteInfo = Astroom;
		};
		BD604E791EEBEFFF005058C7 /* PBXContainerItemProxy */ = {
			isa = PBXContainerItemProxy;
			containerPortal = BD604E4F1EEBEFFF005058C7 /* Project object */;
			proxyType = 1;
			remoteGlobalIDString = BD604E561EEBEFFF005058C7;
			remoteInfo = Astroom;
		};
/* End PBXContainerItemProxy section */

/* Begin PBXFileReference section */
		94311D191EFBE9FD00420071 /* ASTActionButtonView.swift */ = {isa = PBXFileReference; lastKnownFileType = sourcecode.swift; path = ASTActionButtonView.swift; sourceTree = "<group>"; };
		94311D1D1EFBEF2000420071 /* ASTActionButtonView.xib */ = {isa = PBXFileReference; lastKnownFileType = file.xib; path = ASTActionButtonView.xib; sourceTree = "<group>"; };
		BD604E571EEBEFFF005058C7 /* Astroom.app */ = {isa = PBXFileReference; explicitFileType = wrapper.application; includeInIndex = 0; path = Astroom.app; sourceTree = BUILT_PRODUCTS_DIR; };
		BD604E5A1EEBEFFF005058C7 /* AppDelegate.swift */ = {isa = PBXFileReference; lastKnownFileType = sourcecode.swift; path = AppDelegate.swift; sourceTree = "<group>"; };
		BD604E5C1EEBEFFF005058C7 /* art.scnassets */ = {isa = PBXFileReference; lastKnownFileType = wrapper.scnassets; path = art.scnassets; sourceTree = "<group>"; };
		BD604E5E1EEBEFFF005058C7 /* ASTModelController.swift */ = {isa = PBXFileReference; lastKnownFileType = sourcecode.swift; path = ASTModelController.swift; sourceTree = "<group>"; };
		BD604E611EEBEFFF005058C7 /* Base */ = {isa = PBXFileReference; lastKnownFileType = file.storyboard; name = Base; path = Base.lproj/ASTMain.storyboard; sourceTree = "<group>"; };
		BD604E631EEBEFFF005058C7 /* Assets.xcassets */ = {isa = PBXFileReference; lastKnownFileType = folder.assetcatalog; path = Assets.xcassets; sourceTree = "<group>"; };
		BD604E661EEBEFFF005058C7 /* Base */ = {isa = PBXFileReference; lastKnownFileType = file.storyboard; name = Base; path = Base.lproj/LaunchScreen.storyboard; sourceTree = "<group>"; };
		BD604E681EEBEFFF005058C7 /* Info.plist */ = {isa = PBXFileReference; lastKnownFileType = text.plist.xml; path = Info.plist; sourceTree = "<group>"; };
		BD604E6D1EEBEFFF005058C7 /* AstroomTests.xctest */ = {isa = PBXFileReference; explicitFileType = wrapper.cfbundle; includeInIndex = 0; path = AstroomTests.xctest; sourceTree = BUILT_PRODUCTS_DIR; };
		BD604E711EEBEFFF005058C7 /* AstroomTests.swift */ = {isa = PBXFileReference; lastKnownFileType = sourcecode.swift; path = AstroomTests.swift; sourceTree = "<group>"; };
		BD604E731EEBEFFF005058C7 /* Info.plist */ = {isa = PBXFileReference; lastKnownFileType = text.plist.xml; path = Info.plist; sourceTree = "<group>"; };
		BD604E781EEBEFFF005058C7 /* AstroomUITests.xctest */ = {isa = PBXFileReference; explicitFileType = wrapper.cfbundle; includeInIndex = 0; path = AstroomUITests.xctest; sourceTree = BUILT_PRODUCTS_DIR; };
		BD604E7C1EEBEFFF005058C7 /* AstroomUITests.swift */ = {isa = PBXFileReference; lastKnownFileType = sourcecode.swift; path = AstroomUITests.swift; sourceTree = "<group>"; };
		BD604E7E1EEBEFFF005058C7 /* Info.plist */ = {isa = PBXFileReference; lastKnownFileType = text.plist.xml; path = Info.plist; sourceTree = "<group>"; };
		BD6584821F09414700C2A567 /* ASTInfoController.swift */ = {isa = PBXFileReference; lastKnownFileType = sourcecode.swift; path = ASTInfoController.swift; sourceTree = "<group>"; };
		BD7199E01EF71C170056A0D0 /* ASTUIViewExtension.swift */ = {isa = PBXFileReference; lastKnownFileType = sourcecode.swift; path = ASTUIViewExtension.swift; sourceTree = "<group>"; };
		BD82B7371EF87CBC003260CF /* ASTInformationViewCell.swift */ = {isa = PBXFileReference; lastKnownFileType = sourcecode.swift; path = ASTInformationViewCell.swift; sourceTree = "<group>"; };
		BD82B7391EF87CC5003260CF /* ASTInformationViewCell.xib */ = {isa = PBXFileReference; lastKnownFileType = file.xib; path = ASTInformationViewCell.xib; sourceTree = "<group>"; };
		BD882A771EF6DC5400C1C8F9 /* ASTDeviceMotion.swift */ = {isa = PBXFileReference; lastKnownFileType = sourcecode.swift; path = ASTDeviceMotion.swift; sourceTree = "<group>"; };
		BD882ABA1EF705CD00C1C8F9 /* ASTHelperView.swift */ = {isa = PBXFileReference; lastKnownFileType = sourcecode.swift; path = ASTHelperView.swift; sourceTree = "<group>"; };
		BD882ABC1EF705D700C1C8F9 /* ASTHelperView.xib */ = {isa = PBXFileReference; lastKnownFileType = file.xib; path = ASTHelperView.xib; sourceTree = "<group>"; };
		BD882ABE1EF70C2300C1C8F9 /* ASTHelperConstants.swift */ = {isa = PBXFileReference; lastKnownFileType = sourcecode.swift; path = ASTHelperConstants.swift; sourceTree = "<group>"; };
		BD882AC11EF70C6C00C1C8F9 /* ASTHelpViewModel.swift */ = {isa = PBXFileReference; lastKnownFileType = sourcecode.swift; path = ASTHelpViewModel.swift; sourceTree = "<group>"; };
		BDAEFD101F043FED00C7EFA9 /* ASTGraveyard.swift */ = {isa = PBXFileReference; lastKnownFileType = sourcecode.swift; path = ASTGraveyard.swift; sourceTree = "<group>"; };
		BDAEFD121F04421700C7EFA9 /* ASTSolarSystem.swift */ = {isa = PBXFileReference; lastKnownFileType = sourcecode.swift; path = ASTSolarSystem.swift; sourceTree = "<group>"; };
		BDBFDD5E1EEF3E01004F3F0A /* ASTInformationView.swift */ = {isa = PBXFileReference; lastKnownFileType = sourcecode.swift; path = ASTInformationView.swift; sourceTree = "<group>"; };
		BDBFDD601EEF3E10004F3F0A /* ASTInformationView.xib */ = {isa = PBXFileReference; lastKnownFileType = file.xib; path = ASTInformationView.xib; sourceTree = "<group>"; };
		BDBFDD621EEF3FAB004F3F0A /* ASTUIConstants.swift */ = {isa = PBXFileReference; lastKnownFileType = sourcecode.swift; path = ASTUIConstants.swift; sourceTree = "<group>"; };
		BDD3BBCD1EEF328300139070 /* ASTCGRectExtension.swift */ = {isa = PBXFileReference; lastKnownFileType = sourcecode.swift; path = ASTCGRectExtension.swift; sourceTree = "<group>"; };
		BDD3CCC51EF87AD20083A656 /* ARUtilities.swift */ = {isa = PBXFileReference; lastKnownFileType = sourcecode.swift; path = ARUtilities.swift; sourceTree = "<group>"; };
		BDE4C7B21EF9DAC300FE3292 /* ASTSkyPlane.swift */ = {isa = PBXFileReference; lastKnownFileType = sourcecode.swift; path = ASTSkyPlane.swift; sourceTree = "<group>"; };
/* End PBXFileReference section */

/* Begin PBXFrameworksBuildPhase section */
		BD604E541EEBEFFF005058C7 /* Frameworks */ = {
			isa = PBXFrameworksBuildPhase;
			buildActionMask = 2147483647;
			files = (
			);
			runOnlyForDeploymentPostprocessing = 0;
		};
		BD604E6A1EEBEFFF005058C7 /* Frameworks */ = {
			isa = PBXFrameworksBuildPhase;
			buildActionMask = 2147483647;
			files = (
			);
			runOnlyForDeploymentPostprocessing = 0;
		};
		BD604E751EEBEFFF005058C7 /* Frameworks */ = {
			isa = PBXFrameworksBuildPhase;
			buildActionMask = 2147483647;
			files = (
			);
			runOnlyForDeploymentPostprocessing = 0;
		};
/* End PBXFrameworksBuildPhase section */

/* Begin PBXGroup section */
		94311D181EFBE9E400420071 /* ActionButton */ = {
			isa = PBXGroup;
			children = (
				94311D191EFBE9FD00420071 /* ASTActionButtonView.swift */,
				94311D1D1EFBEF2000420071 /* ASTActionButtonView.xib */,
			);
			path = ActionButton;
			sourceTree = "<group>";
		};
		BD604E4E1EEBEFFF005058C7 = {
			isa = PBXGroup;
			children = (
				BD604E591EEBEFFF005058C7 /* Astroom */,
				BD604E701EEBEFFF005058C7 /* AstroomTests */,
				BD604E7B1EEBEFFF005058C7 /* AstroomUITests */,
				BD604E581EEBEFFF005058C7 /* Products */,
			);
			sourceTree = "<group>";
		};
		BD604E581EEBEFFF005058C7 /* Products */ = {
			isa = PBXGroup;
			children = (
				BD604E571EEBEFFF005058C7 /* Astroom.app */,
				BD604E6D1EEBEFFF005058C7 /* AstroomTests.xctest */,
				BD604E781EEBEFFF005058C7 /* AstroomUITests.xctest */,
			);
			name = Products;
			sourceTree = "<group>";
		};
		BD604E591EEBEFFF005058C7 /* Astroom */ = {
			isa = PBXGroup;
			children = (
				BDD3CCC81EF87AF90083A656 /* Classes */,
				BDD3CCC71EF87AEE0083A656 /* Vendor */,
				BD604E5C1EEBEFFF005058C7 /* art.scnassets */,
				BD604E631EEBEFFF005058C7 /* Assets.xcassets */,
				BD604E651EEBEFFF005058C7 /* LaunchScreen.storyboard */,
				BD604E681EEBEFFF005058C7 /* Info.plist */,
			);
			path = Astroom;
			sourceTree = "<group>";
		};
		BD604E701EEBEFFF005058C7 /* AstroomTests */ = {
			isa = PBXGroup;
			children = (
				BD604E711EEBEFFF005058C7 /* AstroomTests.swift */,
				BD604E731EEBEFFF005058C7 /* Info.plist */,
			);
			path = AstroomTests;
			sourceTree = "<group>";
		};
		BD604E7B1EEBEFFF005058C7 /* AstroomUITests */ = {
			isa = PBXGroup;
			children = (
				BD604E7C1EEBEFFF005058C7 /* AstroomUITests.swift */,
				BD604E7E1EEBEFFF005058C7 /* Info.plist */,
			);
			path = AstroomUITests;
			sourceTree = "<group>";
		};
		BD82B7361EF87C91003260CF /* InformationViewCell */ = {
			isa = PBXGroup;
			children = (
				BD82B7371EF87CBC003260CF /* ASTInformationViewCell.swift */,
				BD82B7391EF87CC5003260CF /* ASTInformationViewCell.xib */,
			);
			path = InformationViewCell;
			sourceTree = "<group>";
		};
		BD882A791EF6DCF700C1C8F9 /* Utils */ = {
			isa = PBXGroup;
			children = (
				BD882A771EF6DC5400C1C8F9 /* ASTDeviceMotion.swift */,
				BDAEFD101F043FED00C7EFA9 /* ASTGraveyard.swift */,
			);
			path = Utils;
			sourceTree = "<group>";
		};
		BD882AB81EF705A300C1C8F9 /* InformationView */ = {
			isa = PBXGroup;
			children = (
				BD82B7361EF87C91003260CF /* InformationViewCell */,
				BDBFDD5E1EEF3E01004F3F0A /* ASTInformationView.swift */,
				BDBFDD601EEF3E10004F3F0A /* ASTInformationView.xib */,
			);
			path = InformationView;
			sourceTree = "<group>";
		};
		BD882AB91EF705B300C1C8F9 /* HelperView */ = {
			isa = PBXGroup;
			children = (
				BD882ABE1EF70C2300C1C8F9 /* ASTHelperConstants.swift */,
				BD882ABA1EF705CD00C1C8F9 /* ASTHelperView.swift */,
				BD882ABC1EF705D700C1C8F9 /* ASTHelperView.xib */,
			);
			path = HelperView;
			sourceTree = "<group>";
		};
		BD882AC01EF70C4D00C1C8F9 /* Model */ = {
			isa = PBXGroup;
			children = (
				BD882AC41EF70CB300C1C8F9 /* Object Model */,
				BD882AC31EF70CA400C1C8F9 /* View Model */,
			);
			path = Model;
			sourceTree = "<group>";
		};
		BD882AC31EF70CA400C1C8F9 /* View Model */ = {
			isa = PBXGroup;
			children = (
				BD882AC11EF70C6C00C1C8F9 /* ASTHelpViewModel.swift */,
			);
			path = "View Model";
			sourceTree = "<group>";
		};
		BD882AC41EF70CB300C1C8F9 /* Object Model */ = {
			isa = PBXGroup;
			children = (
				BDAEFD121F04421700C7EFA9 /* ASTSolarSystem.swift */,
				BDE4C7B21EF9DAC300FE3292 /* ASTSkyPlane.swift */,
			);
			path = "Object Model";
			sourceTree = "<group>";
		};
		BDBFDD5B1EEF3DCF004F3F0A /* Extensions */ = {
			isa = PBXGroup;
			children = (
				BD7199E01EF71C170056A0D0 /* ASTUIViewExtension.swift */,
				BDD3BBCD1EEF328300139070 /* ASTCGRectExtension.swift */,
			);
			path = Extensions;
			sourceTree = "<group>";
		};
		BDBFDD5C1EEF3DDC004F3F0A /* Controller */ = {
			isa = PBXGroup;
			children = (
				BD6584821F09414700C2A567 /* ASTInfoController.swift */,
				BD604E5E1EEBEFFF005058C7 /* ASTModelController.swift */,
				BD604E601EEBEFFF005058C7 /* ASTMain.storyboard */,
			);
			path = Controller;
			sourceTree = "<group>";
		};
		BDBFDD5D1EEF3DF4004F3F0A /* View */ = {
			isa = PBXGroup;
			children = (
				BDBFDD621EEF3FAB004F3F0A /* ASTUIConstants.swift */,
				94311D181EFBE9E400420071 /* ActionButton */,
				BD882AB81EF705A300C1C8F9 /* InformationView */,
				BD882AB91EF705B300C1C8F9 /* HelperView */,
			);
			path = View;
			sourceTree = "<group>";
		};
		BDD3CCC71EF87AEE0083A656 /* Vendor */ = {
			isa = PBXGroup;
			children = (
				BDD3CCC91EF87B020083A656 /* Extensions */,
			);
			path = Vendor;
			sourceTree = "<group>";
		};
		BDD3CCC81EF87AF90083A656 /* Classes */ = {
			isa = PBXGroup;
			children = (
				BD604E5A1EEBEFFF005058C7 /* AppDelegate.swift */,
				BDBFDD5C1EEF3DDC004F3F0A /* Controller */,
				BDBFDD5D1EEF3DF4004F3F0A /* View */,
				BDBFDD5B1EEF3DCF004F3F0A /* Extensions */,
				BD882AC01EF70C4D00C1C8F9 /* Model */,
				BD882A791EF6DCF700C1C8F9 /* Utils */,
			);
			path = Classes;
			sourceTree = "<group>";
		};
		BDD3CCC91EF87B020083A656 /* Extensions */ = {
			isa = PBXGroup;
			children = (
				BDD3CCC51EF87AD20083A656 /* ARUtilities.swift */,
			);
			path = Extensions;
			sourceTree = "<group>";
		};
/* End PBXGroup section */

/* Begin PBXNativeTarget section */
		BD604E561EEBEFFF005058C7 /* Astroom */ = {
			isa = PBXNativeTarget;
			buildConfigurationList = BD604E811EEBF000005058C7 /* Build configuration list for PBXNativeTarget "Astroom" */;
			buildPhases = (
				BD604E531EEBEFFF005058C7 /* Sources */,
				BD604E541EEBEFFF005058C7 /* Frameworks */,
				BD604E551EEBEFFF005058C7 /* Resources */,
			);
			buildRules = (
			);
			dependencies = (
			);
			name = Astroom;
			productName = Astroom;
			productReference = BD604E571EEBEFFF005058C7 /* Astroom.app */;
			productType = "com.apple.product-type.application";
		};
		BD604E6C1EEBEFFF005058C7 /* AstroomTests */ = {
			isa = PBXNativeTarget;
			buildConfigurationList = BD604E841EEBF000005058C7 /* Build configuration list for PBXNativeTarget "AstroomTests" */;
			buildPhases = (
				BD604E691EEBEFFF005058C7 /* Sources */,
				BD604E6A1EEBEFFF005058C7 /* Frameworks */,
				BD604E6B1EEBEFFF005058C7 /* Resources */,
			);
			buildRules = (
			);
			dependencies = (
				BD604E6F1EEBEFFF005058C7 /* PBXTargetDependency */,
			);
			name = AstroomTests;
			productName = AstroomTests;
			productReference = BD604E6D1EEBEFFF005058C7 /* AstroomTests.xctest */;
			productType = "com.apple.product-type.bundle.unit-test";
		};
		BD604E771EEBEFFF005058C7 /* AstroomUITests */ = {
			isa = PBXNativeTarget;
			buildConfigurationList = BD604E871EEBF000005058C7 /* Build configuration list for PBXNativeTarget "AstroomUITests" */;
			buildPhases = (
				BD604E741EEBEFFF005058C7 /* Sources */,
				BD604E751EEBEFFF005058C7 /* Frameworks */,
				BD604E761EEBEFFF005058C7 /* Resources */,
			);
			buildRules = (
			);
			dependencies = (
				BD604E7A1EEBEFFF005058C7 /* PBXTargetDependency */,
			);
			name = AstroomUITests;
			productName = AstroomUITests;
			productReference = BD604E781EEBEFFF005058C7 /* AstroomUITests.xctest */;
			productType = "com.apple.product-type.bundle.ui-testing";
		};
/* End PBXNativeTarget section */

/* Begin PBXProject section */
		BD604E4F1EEBEFFF005058C7 /* Project object */ = {
			isa = PBXProject;
			attributes = {
				LastSwiftUpdateCheck = 0900;
				LastUpgradeCheck = 0900;
				ORGANIZATIONNAME = "Ryan-King";
				TargetAttributes = {
					BD604E561EEBEFFF005058C7 = {
						CreatedOnToolsVersion = 9.0;
					};
					BD604E6C1EEBEFFF005058C7 = {
						CreatedOnToolsVersion = 9.0;
						TestTargetID = BD604E561EEBEFFF005058C7;
					};
					BD604E771EEBEFFF005058C7 = {
						CreatedOnToolsVersion = 9.0;
						TestTargetID = BD604E561EEBEFFF005058C7;
					};
				};
			};
			buildConfigurationList = BD604E521EEBEFFF005058C7 /* Build configuration list for PBXProject "Astroom" */;
			compatibilityVersion = "Xcode 8.0";
			developmentRegion = en;
			hasScannedForEncodings = 0;
			knownRegions = (
				en,
				Base,
			);
			mainGroup = BD604E4E1EEBEFFF005058C7;
			productRefGroup = BD604E581EEBEFFF005058C7 /* Products */;
			projectDirPath = "";
			projectRoot = "";
			targets = (
				BD604E561EEBEFFF005058C7 /* Astroom */,
				BD604E6C1EEBEFFF005058C7 /* AstroomTests */,
				BD604E771EEBEFFF005058C7 /* AstroomUITests */,
			);
		};
/* End PBXProject section */

/* Begin PBXResourcesBuildPhase section */
		BD604E551EEBEFFF005058C7 /* Resources */ = {
			isa = PBXResourcesBuildPhase;
			buildActionMask = 2147483647;
			files = (
				BD604E5D1EEBEFFF005058C7 /* art.scnassets in Resources */,
				BD604E671EEBEFFF005058C7 /* LaunchScreen.storyboard in Resources */,
				BDBFDD611EEF3E10004F3F0A /* ASTInformationView.xib in Resources */,
				BD604E641EEBEFFF005058C7 /* Assets.xcassets in Resources */,
				BD604E621EEBEFFF005058C7 /* ASTMain.storyboard in Resources */,
				BD882ABD1EF705D700C1C8F9 /* ASTHelperView.xib in Resources */,
				94311D1E1EFBEF2000420071 /* ASTActionButtonView.xib in Resources */,
				BD82B73A1EF87CC5003260CF /* ASTInformationViewCell.xib in Resources */,
			);
			runOnlyForDeploymentPostprocessing = 0;
		};
		BD604E6B1EEBEFFF005058C7 /* Resources */ = {
			isa = PBXResourcesBuildPhase;
			buildActionMask = 2147483647;
			files = (
			);
			runOnlyForDeploymentPostprocessing = 0;
		};
		BD604E761EEBEFFF005058C7 /* Resources */ = {
			isa = PBXResourcesBuildPhase;
			buildActionMask = 2147483647;
			files = (
			);
			runOnlyForDeploymentPostprocessing = 0;
		};
/* End PBXResourcesBuildPhase section */

/* Begin PBXSourcesBuildPhase section */
		BD604E531EEBEFFF005058C7 /* Sources */ = {
			isa = PBXSourcesBuildPhase;
			buildActionMask = 2147483647;
			files = (
				BD882ABF1EF70C2300C1C8F9 /* ASTHelperConstants.swift in Sources */,
				BDBFDD631EEF3FAB004F3F0A /* ASTUIConstants.swift in Sources */,
				BDBFDD5F1EEF3E01004F3F0A /* ASTInformationView.swift in Sources */,
				BD6584831F09414700C2A567 /* ASTInfoController.swift in Sources */,
				BD7199E11EF71C170056A0D0 /* ASTUIViewExtension.swift in Sources */,
				BDAEFD131F04421700C7EFA9 /* ASTSolarSystem.swift in Sources */,
				BDE4C7B31EF9DAC300FE3292 /* ASTSkyPlane.swift in Sources */,
				BD604E5F1EEBEFFF005058C7 /* ASTModelController.swift in Sources */,
				BD604E5B1EEBEFFF005058C7 /* AppDelegate.swift in Sources */,
				94311D1A1EFBE9FD00420071 /* ASTActionButtonView.swift in Sources */,
				BD82B7381EF87CBC003260CF /* ASTInformationViewCell.swift in Sources */,
				BD882A781EF6DC5400C1C8F9 /* ASTDeviceMotion.swift in Sources */,
				BDD3BBCE1EEF328300139070 /* ASTCGRectExtension.swift in Sources */,
				BD882AC21EF70C6C00C1C8F9 /* ASTHelpViewModel.swift in Sources */,
				BD882ABB1EF705CD00C1C8F9 /* ASTHelperView.swift in Sources */,
			);
			runOnlyForDeploymentPostprocessing = 0;
		};
		BD604E691EEBEFFF005058C7 /* Sources */ = {
			isa = PBXSourcesBuildPhase;
			buildActionMask = 2147483647;
			files = (
				BD604E721EEBEFFF005058C7 /* AstroomTests.swift in Sources */,
			);
			runOnlyForDeploymentPostprocessing = 0;
		};
		BD604E741EEBEFFF005058C7 /* Sources */ = {
			isa = PBXSourcesBuildPhase;
			buildActionMask = 2147483647;
			files = (
				BD604E7D1EEBEFFF005058C7 /* AstroomUITests.swift in Sources */,
			);
			runOnlyForDeploymentPostprocessing = 0;
		};
/* End PBXSourcesBuildPhase section */

/* Begin PBXTargetDependency section */
		BD604E6F1EEBEFFF005058C7 /* PBXTargetDependency */ = {
			isa = PBXTargetDependency;
			target = BD604E561EEBEFFF005058C7 /* Astroom */;
			targetProxy = BD604E6E1EEBEFFF005058C7 /* PBXContainerItemProxy */;
		};
		BD604E7A1EEBEFFF005058C7 /* PBXTargetDependency */ = {
			isa = PBXTargetDependency;
			target = BD604E561EEBEFFF005058C7 /* Astroom */;
			targetProxy = BD604E791EEBEFFF005058C7 /* PBXContainerItemProxy */;
		};
/* End PBXTargetDependency section */

/* Begin PBXVariantGroup section */
		BD604E601EEBEFFF005058C7 /* ASTMain.storyboard */ = {
			isa = PBXVariantGroup;
			children = (
				BD604E611EEBEFFF005058C7 /* Base */,
			);
			name = ASTMain.storyboard;
			sourceTree = "<group>";
		};
		BD604E651EEBEFFF005058C7 /* LaunchScreen.storyboard */ = {
			isa = PBXVariantGroup;
			children = (
				BD604E661EEBEFFF005058C7 /* Base */,
			);
			name = LaunchScreen.storyboard;
			sourceTree = "<group>";
		};
/* End PBXVariantGroup section */

/* Begin XCBuildConfiguration section */
		BD604E7F1EEBF000005058C7 /* Debug */ = {
			isa = XCBuildConfiguration;
			buildSettings = {
				ALWAYS_SEARCH_USER_PATHS = NO;
				CLANG_ANALYZER_NONNULL = YES;
				CLANG_ANALYZER_NUMBER_OBJECT_CONVERSION = YES_AGGRESSIVE;
				CLANG_CXX_LANGUAGE_STANDARD = "gnu++14";
				CLANG_CXX_LIBRARY = "libc++";
				CLANG_ENABLE_MODULES = YES;
				CLANG_ENABLE_OBJC_ARC = YES;
				CLANG_WARN_BLOCK_CAPTURE_AUTORELEASING = YES;
				CLANG_WARN_BOOL_CONVERSION = YES;
				CLANG_WARN_COMMA = YES;
				CLANG_WARN_CONSTANT_CONVERSION = YES;
				CLANG_WARN_DIRECT_OBJC_ISA_USAGE = YES_ERROR;
				CLANG_WARN_DOCUMENTATION_COMMENTS = YES;
				CLANG_WARN_EMPTY_BODY = YES;
				CLANG_WARN_ENUM_CONVERSION = YES;
				CLANG_WARN_INFINITE_RECURSION = YES;
				CLANG_WARN_INT_CONVERSION = YES;
				CLANG_WARN_OBJC_ROOT_CLASS = YES_ERROR;
				CLANG_WARN_RANGE_LOOP_ANALYSIS = YES;
				CLANG_WARN_STRICT_PROTOTYPES = YES;
				CLANG_WARN_SUSPICIOUS_MOVE = YES;
				CLANG_WARN_UNGUARDED_AVAILABILITY = YES_AGGRESSIVE;
				CLANG_WARN_UNREACHABLE_CODE = YES;
				CLANG_WARN__DUPLICATE_METHOD_MATCH = YES;
				CODE_SIGN_IDENTITY = "iPhone Developer";
				COPY_PHASE_STRIP = NO;
				DEBUG_INFORMATION_FORMAT = dwarf;
				ENABLE_STRICT_OBJC_MSGSEND = YES;
				ENABLE_TESTABILITY = YES;
				GCC_C_LANGUAGE_STANDARD = gnu11;
				GCC_DYNAMIC_NO_PIC = NO;
				GCC_NO_COMMON_BLOCKS = YES;
				GCC_OPTIMIZATION_LEVEL = 0;
				GCC_PREPROCESSOR_DEFINITIONS = (
					"DEBUG=1",
					"$(inherited)",
				);
				GCC_WARN_64_TO_32_BIT_CONVERSION = YES;
				GCC_WARN_ABOUT_RETURN_TYPE = YES_ERROR;
				GCC_WARN_UNDECLARED_SELECTOR = YES;
				GCC_WARN_UNINITIALIZED_AUTOS = YES_AGGRESSIVE;
				GCC_WARN_UNUSED_FUNCTION = YES;
				GCC_WARN_UNUSED_VARIABLE = YES;
				IPHONEOS_DEPLOYMENT_TARGET = 11.0;
				MTL_ENABLE_DEBUG_INFO = YES;
				ONLY_ACTIVE_ARCH = YES;
				SDKROOT = iphoneos;
				SWIFT_ACTIVE_COMPILATION_CONDITIONS = DEBUG;
				SWIFT_OPTIMIZATION_LEVEL = "-Onone";
			};
			name = Debug;
		};
		BD604E801EEBF000005058C7 /* Release */ = {
			isa = XCBuildConfiguration;
			buildSettings = {
				ALWAYS_SEARCH_USER_PATHS = NO;
				CLANG_ANALYZER_NONNULL = YES;
				CLANG_ANALYZER_NUMBER_OBJECT_CONVERSION = YES_AGGRESSIVE;
				CLANG_CXX_LANGUAGE_STANDARD = "gnu++14";
				CLANG_CXX_LIBRARY = "libc++";
				CLANG_ENABLE_MODULES = YES;
				CLANG_ENABLE_OBJC_ARC = YES;
				CLANG_WARN_BLOCK_CAPTURE_AUTORELEASING = YES;
				CLANG_WARN_BOOL_CONVERSION = YES;
				CLANG_WARN_COMMA = YES;
				CLANG_WARN_CONSTANT_CONVERSION = YES;
				CLANG_WARN_DIRECT_OBJC_ISA_USAGE = YES_ERROR;
				CLANG_WARN_DOCUMENTATION_COMMENTS = YES;
				CLANG_WARN_EMPTY_BODY = YES;
				CLANG_WARN_ENUM_CONVERSION = YES;
				CLANG_WARN_INFINITE_RECURSION = YES;
				CLANG_WARN_INT_CONVERSION = YES;
				CLANG_WARN_OBJC_ROOT_CLASS = YES_ERROR;
				CLANG_WARN_RANGE_LOOP_ANALYSIS = YES;
				CLANG_WARN_STRICT_PROTOTYPES = YES;
				CLANG_WARN_SUSPICIOUS_MOVE = YES;
				CLANG_WARN_UNGUARDED_AVAILABILITY = YES_AGGRESSIVE;
				CLANG_WARN_UNREACHABLE_CODE = YES;
				CLANG_WARN__DUPLICATE_METHOD_MATCH = YES;
				CODE_SIGN_IDENTITY = "iPhone Developer";
				COPY_PHASE_STRIP = NO;
				DEBUG_INFORMATION_FORMAT = "dwarf-with-dsym";
				ENABLE_NS_ASSERTIONS = NO;
				ENABLE_STRICT_OBJC_MSGSEND = YES;
				GCC_C_LANGUAGE_STANDARD = gnu11;
				GCC_NO_COMMON_BLOCKS = YES;
				GCC_WARN_64_TO_32_BIT_CONVERSION = YES;
				GCC_WARN_ABOUT_RETURN_TYPE = YES_ERROR;
				GCC_WARN_UNDECLARED_SELECTOR = YES;
				GCC_WARN_UNINITIALIZED_AUTOS = YES_AGGRESSIVE;
				GCC_WARN_UNUSED_FUNCTION = YES;
				GCC_WARN_UNUSED_VARIABLE = YES;
				IPHONEOS_DEPLOYMENT_TARGET = 11.0;
				MTL_ENABLE_DEBUG_INFO = NO;
				SDKROOT = iphoneos;
				SWIFT_OPTIMIZATION_LEVEL = "-Owholemodule";
				VALIDATE_PRODUCT = YES;
			};
			name = Release;
		};
		BD604E821EEBF000005058C7 /* Debug */ = {
			isa = XCBuildConfiguration;
			buildSettings = {
				ASSETCATALOG_COMPILER_APPICON_NAME = AppIcon;
				DEVELOPMENT_TEAM = TPQ9WQCL4P;
				INFOPLIST_FILE = Astroom/Info.plist;
				LD_RUNPATH_SEARCH_PATHS = "$(inherited) @executable_path/Frameworks";
				PRODUCT_BUNDLE_IDENTIFIER = "com.Ryan-King.Astroom";
				PRODUCT_NAME = "$(TARGET_NAME)";
				SWIFT_VERSION = 4.0;
				TARGETED_DEVICE_FAMILY = "1,2";
			};
			name = Debug;
		};
		BD604E831EEBF000005058C7 /* Release */ = {
			isa = XCBuildConfiguration;
			buildSettings = {
				ASSETCATALOG_COMPILER_APPICON_NAME = AppIcon;
				DEVELOPMENT_TEAM = TPQ9WQCL4P;
				INFOPLIST_FILE = Astroom/Info.plist;
				LD_RUNPATH_SEARCH_PATHS = "$(inherited) @executable_path/Frameworks";
				PRODUCT_BUNDLE_IDENTIFIER = "com.Ryan-King.Astroom";
				PRODUCT_NAME = "$(TARGET_NAME)";
				SWIFT_VERSION = 4.0;
				TARGETED_DEVICE_FAMILY = "1,2";
			};
			name = Release;
		};
		BD604E851EEBF000005058C7 /* Debug */ = {
			isa = XCBuildConfiguration;
			buildSettings = {
				ALWAYS_EMBED_SWIFT_STANDARD_LIBRARIES = YES;
				BUNDLE_LOADER = "$(TEST_HOST)";
				DEVELOPMENT_TEAM = TPQ9WQCL4P;
				INFOPLIST_FILE = AstroomTests/Info.plist;
				LD_RUNPATH_SEARCH_PATHS = "$(inherited) @executable_path/Frameworks @loader_path/Frameworks";
				PRODUCT_BUNDLE_IDENTIFIER = com.RyanKing.AstroomTests;
				PRODUCT_NAME = "$(TARGET_NAME)";
				SWIFT_VERSION = 4.0;
				TARGETED_DEVICE_FAMILY = "1,2";
				TEST_HOST = "$(BUILT_PRODUCTS_DIR)/Astroom.app/Astroom";
			};
			name = Debug;
		};
		BD604E861EEBF000005058C7 /* Release */ = {
			isa = XCBuildConfiguration;
			buildSettings = {
				ALWAYS_EMBED_SWIFT_STANDARD_LIBRARIES = YES;
				BUNDLE_LOADER = "$(TEST_HOST)";
				DEVELOPMENT_TEAM = TPQ9WQCL4P;
				INFOPLIST_FILE = AstroomTests/Info.plist;
				LD_RUNPATH_SEARCH_PATHS = "$(inherited) @executable_path/Frameworks @loader_path/Frameworks";
				PRODUCT_BUNDLE_IDENTIFIER = com.RyanKing.AstroomTests;
				PRODUCT_NAME = "$(TARGET_NAME)";
				SWIFT_VERSION = 4.0;
				TARGETED_DEVICE_FAMILY = "1,2";
				TEST_HOST = "$(BUILT_PRODUCTS_DIR)/Astroom.app/Astroom";
			};
			name = Release;
		};
		BD604E881EEBF000005058C7 /* Debug */ = {
			isa = XCBuildConfiguration;
			buildSettings = {
				ALWAYS_EMBED_SWIFT_STANDARD_LIBRARIES = YES;
				DEVELOPMENT_TEAM = TPQ9WQCL4P;
				INFOPLIST_FILE = AstroomUITests/Info.plist;
				LD_RUNPATH_SEARCH_PATHS = "$(inherited) @executable_path/Frameworks @loader_path/Frameworks";
				PRODUCT_BUNDLE_IDENTIFIER = com.RyanKing.AstroomUITests;
				PRODUCT_NAME = "$(TARGET_NAME)";
				SWIFT_VERSION = 4.0;
				TARGETED_DEVICE_FAMILY = "1,2";
				TEST_TARGET_NAME = Astroom;
			};
			name = Debug;
		};
		BD604E891EEBF000005058C7 /* Release */ = {
			isa = XCBuildConfiguration;
			buildSettings = {
				ALWAYS_EMBED_SWIFT_STANDARD_LIBRARIES = YES;
				DEVELOPMENT_TEAM = TPQ9WQCL4P;
				INFOPLIST_FILE = AstroomUITests/Info.plist;
				LD_RUNPATH_SEARCH_PATHS = "$(inherited) @executable_path/Frameworks @loader_path/Frameworks";
				PRODUCT_BUNDLE_IDENTIFIER = com.RyanKing.AstroomUITests;
				PRODUCT_NAME = "$(TARGET_NAME)";
				SWIFT_VERSION = 4.0;
				TARGETED_DEVICE_FAMILY = "1,2";
				TEST_TARGET_NAME = Astroom;
			};
			name = Release;
		};
/* End XCBuildConfiguration section */

/* Begin XCConfigurationList section */
		BD604E521EEBEFFF005058C7 /* Build configuration list for PBXProject "Astroom" */ = {
			isa = XCConfigurationList;
			buildConfigurations = (
				BD604E7F1EEBF000005058C7 /* Debug */,
				BD604E801EEBF000005058C7 /* Release */,
			);
			defaultConfigurationIsVisible = 0;
			defaultConfigurationName = Release;
		};
		BD604E811EEBF000005058C7 /* Build configuration list for PBXNativeTarget "Astroom" */ = {
			isa = XCConfigurationList;
			buildConfigurations = (
				BD604E821EEBF000005058C7 /* Debug */,
				BD604E831EEBF000005058C7 /* Release */,
			);
			defaultConfigurationIsVisible = 0;
			defaultConfigurationName = Release;
		};
		BD604E841EEBF000005058C7 /* Build configuration list for PBXNativeTarget "AstroomTests" */ = {
			isa = XCConfigurationList;
			buildConfigurations = (
				BD604E851EEBF000005058C7 /* Debug */,
				BD604E861EEBF000005058C7 /* Release */,
			);
			defaultConfigurationIsVisible = 0;
			defaultConfigurationName = Release;
		};
		BD604E871EEBF000005058C7 /* Build configuration list for PBXNativeTarget "AstroomUITests" */ = {
			isa = XCConfigurationList;
			buildConfigurations = (
				BD604E881EEBF000005058C7 /* Debug */,
				BD604E891EEBF000005058C7 /* Release */,
			);
			defaultConfigurationIsVisible = 0;
			defaultConfigurationName = Release;
		};
/* End XCConfigurationList section */
	};
	rootObject = BD604E4F1EEBEFFF005058C7 /* Project object */;
}
